
Microsoft Visual Studio Solution File, Format Version 12.00
# Visual Studio Version 17
VisualStudioVersion = 17.6.33829.357
MinimumVisualStudioVersion = 10.0.40219.1
Project("{FAE04EC0-301F-11D3-BF4B-00C04F79EFBC}") = "FiveRoom", "FiveRoom\FiveRoom.csproj", "{2FF5555F-02D2-4708-B32C-A4B8C7762537}"
EndProject
Global
	GlobalSection(SolutionConfigurationPlatforms) = preSolution
		Debug|Any CPU = Debug|Any CPU
		Release|Any CPU = Release|Any CPU
	EndGlobalSection
	GlobalSection(ProjectConfigurationPlatforms) = postSolution
		{2FF5555F-02D2-4708-B32C-A4B8C7762537}.Debug|Any CPU.ActiveCfg = Debug|Any CPU
		{2FF5555F-02D2-4708-B32C-A4B8C7762537}.Debug|Any CPU.Build.0 = Debug|Any CPU
		{2FF5555F-02D2-4708-B32C-A4B8C7762537}.Release|Any CPU.ActiveCfg = Release|Any CPU
		{2FF5555F-02D2-4708-B32C-A4B8C7762537}.Release|Any CPU.Build.0 = Release|Any CPU
	EndGlobalSection
	GlobalSection(SolutionProperties) = preSolution
		HideSolutionNode = FALSE
	EndGlobalSection
	GlobalSection(ExtensibilityGlobals) = postSolution
		SolutionGuid = {472D22AE-8B46-406C-B6D9-2B5F416AD96E}
	EndGlobalSection
EndGlobal
