
Microsoft Visual Studio Solution File, Format Version 12.00
Project("{2150E333-8FDC-42A3-9474-1A3956D46DE8}") = "FiveRoomShop.Authorization.Microservice", "FiveRoomShop.Authorization.Microservice", "{7A52BEB8-0A13-4FA3-8F79-2287B0E5F5C7}"
EndProject
Project("{2150E333-8FDC-42A3-9474-1A3956D46DE8}") = "FiveRoomShop.Notification.Microservice", "FiveRoomShop.Notification.Microservice", "{E146A7EB-205F-4D68-A2E2-71B2947E0B66}"
EndProject
Project("{2150E333-8FDC-42A3-9474-1A3956D46DE8}") = "FiveRoomShop.Shop.Microservice", "FiveRoomShop.Shop.Microservice", "{EADF7CB3-651C-4A1D-A6D5-279B3FB8419F}"
EndProject
Project("{2150E333-8FDC-42A3-9474-1A3956D46DE8}") = "FiveRoomShop.WebUI", "FiveRoomShop.WebUI", "{BF3066BA-9CF1-4C47-B456-84537AD38784}"
EndProject
Project("{FAE04EC0-301F-11D3-BF4B-00C04F79EFBC}") = "Authorization.Microservice.Core", "Authorization.Microservice.Core\Authorization.Microservice.Core.csproj", "{88814A55-1DC3-4CA5-AC36-A011F6C78F67}"
EndProject
Project("{FAE04EC0-301F-11D3-BF4B-00C04F79EFBC}") = "Notification.Microservice.Core", "Notification.Microservice.Core\Notification.Microservice.Core.csproj", "{D1C15DB8-A2F4-4A49-AE24-E9BCAA09EC87}"
EndProject
Project("{FAE04EC0-301F-11D3-BF4B-00C04F79EFBC}") = "Shop.Microservice", "Shop.Microservice\Shop.Microservice.csproj", "{69F1D603-3C63-41D0-9AAB-5DF68B6E3C40}"
EndProject
Global
	GlobalSection(SolutionConfigurationPlatforms) = preSolution
		Debug|Any CPU = Debug|Any CPU
		Release|Any CPU = Release|Any CPU
	EndGlobalSection
	GlobalSection(NestedProjects) = preSolution
		{88814A55-1DC3-4CA5-AC36-A011F6C78F67} = {7A52BEB8-0A13-4FA3-8F79-2287B0E5F5C7}
		{D1C15DB8-A2F4-4A49-AE24-E9BCAA09EC87} = {E146A7EB-205F-4D68-A2E2-71B2947E0B66}
		{69F1D603-3C63-41D0-9AAB-5DF68B6E3C40} = {EADF7CB3-651C-4A1D-A6D5-279B3FB8419F}
	EndGlobalSection
	GlobalSection(ProjectConfigurationPlatforms) = postSolution
		{88814A55-1DC3-4CA5-AC36-A011F6C78F67}.Debug|Any CPU.ActiveCfg = Debug|Any CPU
		{88814A55-1DC3-4CA5-AC36-A011F6C78F67}.Debug|Any CPU.Build.0 = Debug|Any CPU
		{88814A55-1DC3-4CA5-AC36-A011F6C78F67}.Release|Any CPU.ActiveCfg = Release|Any CPU
		{88814A55-1DC3-4CA5-AC36-A011F6C78F67}.Release|Any CPU.Build.0 = Release|Any CPU
		{D1C15DB8-A2F4-4A49-AE24-E9BCAA09EC87}.Debug|Any CPU.ActiveCfg = Debug|Any CPU
		{D1C15DB8-A2F4-4A49-AE24-E9BCAA09EC87}.Debug|Any CPU.Build.0 = Debug|Any CPU
		{D1C15DB8-A2F4-4A49-AE24-E9BCAA09EC87}.Release|Any CPU.ActiveCfg = Release|Any CPU
		{D1C15DB8-A2F4-4A49-AE24-E9BCAA09EC87}.Release|Any CPU.Build.0 = Release|Any CPU
		{69F1D603-3C63-41D0-9AAB-5DF68B6E3C40}.Debug|Any CPU.ActiveCfg = Debug|Any CPU
		{69F1D603-3C63-41D0-9AAB-5DF68B6E3C40}.Debug|Any CPU.Build.0 = Debug|Any CPU
		{69F1D603-3C63-41D0-9AAB-5DF68B6E3C40}.Release|Any CPU.ActiveCfg = Release|Any CPU
		{69F1D603-3C63-41D0-9AAB-5DF68B6E3C40}.Release|Any CPU.Build.0 = Release|Any CPU
	EndGlobalSection
EndGlobal
