
Microsoft Visual Studio Solution File, Format Version 12.00
# Visual Studio Version 17
VisualStudioVersion = 17.6.33815.320
MinimumVisualStudioVersion = 10.0.40219.1
Project("{2150E333-8FDC-42A3-9474-1A3956D46DE8}") = "Authorization.Microservice", "Authorization.Microservice", "{01D5192F-75BC-4123-B04B-560DFBFE7976}"
EndProject
Project("{2150E333-8FDC-42A3-9474-1A3956D46DE8}") = "Notification", "Notification", "{B4A1FD84-7134-4D35-BBB4-7C4C197D9790}"
EndProject
Project("{2150E333-8FDC-42A3-9474-1A3956D46DE8}") = "Shop.Microservice", "Shop.Microservice", "{1C0C6929-755E-4134-8F0E-7C0DA90BD29B}"
EndProject
Project("{9A19103F-16F7-4668-BE54-9A1E7A4F7556}") = "Authorization.Microservice.Core", "Authorization.Microservice.Core\Authorization.Microservice.Core.csproj", "{CEF227C6-4195-4912-B992-FA6D4D3A9B01}"
EndProject
Project("{9A19103F-16F7-4668-BE54-9A1E7A4F7556}") = "Notification.Microservice.Core", "Notification.Microservice.Core\Notification.Microservice.Core.csproj", "{CD7EA605-86A6-46E8-9F83-12ACED5F22DC}"
EndProject
Project("{9A19103F-16F7-4668-BE54-9A1E7A4F7556}") = "Shop.Microservice.Core", "Shop.Microservice.Core\Shop.Microservice.Core.csproj", "{A597F973-49E9-4323-B77E-A4D9F9BC7F3D}"
EndProject
Project("{9A19103F-16F7-4668-BE54-9A1E7A4F7556}") = "Shop.Microservice.Domain", "Shop.Microservice.Domain\Shop.Microservice.Domain.csproj", "{6CE34532-CAAF-4E21-A03B-BBBF5FDCA6D2}"
EndProject
Project("{9A19103F-16F7-4668-BE54-9A1E7A4F7556}") = "Authorization.Microservice.Domain", "Authorization.Microservice.Domain\Authorization.Microservice.Domain.csproj", "{89C1A7E3-034B-49CE-9908-69EE677368CA}"
EndProject
Project("{9A19103F-16F7-4668-BE54-9A1E7A4F7556}") = "Authorization.Microservice.Infrastructure", "Authorization.Microservice.Infrastructure\Authorization.Microservice.Infrastructure.csproj", "{C26B57AF-5F09-4B21-9603-A02BD67B66C4}"
EndProject
Project("{9A19103F-16F7-4668-BE54-9A1E7A4F7556}") = "Shop.Microservice.Infrastructure", "Shop.Microservice.Infrastructure\Shop.Microservice.Infrastructure.csproj", "{7F3B0B1C-2382-459B-AEBD-4FBC0F81AB05}"
EndProject
Project("{9A19103F-16F7-4668-BE54-9A1E7A4F7556}") = "Notification.Microservice.Domain", "Notification.Microservice.Domain\Notification.Microservice.Domain.csproj", "{50F5FAC6-F614-4F26-B109-C44450786468}"
EndProject
Project("{9A19103F-16F7-4668-BE54-9A1E7A4F7556}") = "Notification.Microservice.Infrastructure", "Notification.Microservice.Infrastructure\Notification.Microservice.Infrastructure.csproj", "{95181A92-DB94-4834-89FB-6E6A4D70EABF}"
EndProject
Project("{2150E333-8FDC-42A3-9474-1A3956D46DE8}") = "ClientApp", "ClientApp", "{32AB9B37-7EA1-47EC-B2CD-59031C94134D}"
EndProject
Project("{9A19103F-16F7-4668-BE54-9A1E7A4F7556}") = "ClientApp", "ClientApp\ClientApp.csproj", "{DB24A688-0E7D-4C38-845E-F0F1A67F2D9F}"
EndProject
Global
	GlobalSection(SolutionConfigurationPlatforms) = preSolution
		Debug|Any CPU = Debug|Any CPU
		Release|Any CPU = Release|Any CPU
	EndGlobalSection
	GlobalSection(ProjectConfigurationPlatforms) = postSolution
		{CEF227C6-4195-4912-B992-FA6D4D3A9B01}.Debug|Any CPU.ActiveCfg = Debug|Any CPU
		{CEF227C6-4195-4912-B992-FA6D4D3A9B01}.Debug|Any CPU.Build.0 = Debug|Any CPU
		{CEF227C6-4195-4912-B992-FA6D4D3A9B01}.Release|Any CPU.ActiveCfg = Release|Any CPU
		{CEF227C6-4195-4912-B992-FA6D4D3A9B01}.Release|Any CPU.Build.0 = Release|Any CPU
		{CD7EA605-86A6-46E8-9F83-12ACED5F22DC}.Debug|Any CPU.ActiveCfg = Debug|Any CPU
		{CD7EA605-86A6-46E8-9F83-12ACED5F22DC}.Debug|Any CPU.Build.0 = Debug|Any CPU
		{CD7EA605-86A6-46E8-9F83-12ACED5F22DC}.Release|Any CPU.ActiveCfg = Release|Any CPU
		{CD7EA605-86A6-46E8-9F83-12ACED5F22DC}.Release|Any CPU.Build.0 = Release|Any CPU
		{A597F973-49E9-4323-B77E-A4D9F9BC7F3D}.Debug|Any CPU.ActiveCfg = Debug|Any CPU
		{A597F973-49E9-4323-B77E-A4D9F9BC7F3D}.Debug|Any CPU.Build.0 = Debug|Any CPU
		{A597F973-49E9-4323-B77E-A4D9F9BC7F3D}.Release|Any CPU.ActiveCfg = Release|Any CPU
		{A597F973-49E9-4323-B77E-A4D9F9BC7F3D}.Release|Any CPU.Build.0 = Release|Any CPU
		{6CE34532-CAAF-4E21-A03B-BBBF5FDCA6D2}.Debug|Any CPU.ActiveCfg = Debug|Any CPU
		{6CE34532-CAAF-4E21-A03B-BBBF5FDCA6D2}.Debug|Any CPU.Build.0 = Debug|Any CPU
		{6CE34532-CAAF-4E21-A03B-BBBF5FDCA6D2}.Release|Any CPU.ActiveCfg = Release|Any CPU
		{6CE34532-CAAF-4E21-A03B-BBBF5FDCA6D2}.Release|Any CPU.Build.0 = Release|Any CPU
		{89C1A7E3-034B-49CE-9908-69EE677368CA}.Debug|Any CPU.ActiveCfg = Debug|Any CPU
		{89C1A7E3-034B-49CE-9908-69EE677368CA}.Debug|Any CPU.Build.0 = Debug|Any CPU
		{89C1A7E3-034B-49CE-9908-69EE677368CA}.Release|Any CPU.ActiveCfg = Release|Any CPU
		{89C1A7E3-034B-49CE-9908-69EE677368CA}.Release|Any CPU.Build.0 = Release|Any CPU
		{C26B57AF-5F09-4B21-9603-A02BD67B66C4}.Debug|Any CPU.ActiveCfg = Debug|Any CPU
		{C26B57AF-5F09-4B21-9603-A02BD67B66C4}.Debug|Any CPU.Build.0 = Debug|Any CPU
		{C26B57AF-5F09-4B21-9603-A02BD67B66C4}.Release|Any CPU.ActiveCfg = Release|Any CPU
		{C26B57AF-5F09-4B21-9603-A02BD67B66C4}.Release|Any CPU.Build.0 = Release|Any CPU
		{7F3B0B1C-2382-459B-AEBD-4FBC0F81AB05}.Debug|Any CPU.ActiveCfg = Debug|Any CPU
		{7F3B0B1C-2382-459B-AEBD-4FBC0F81AB05}.Debug|Any CPU.Build.0 = Debug|Any CPU
		{7F3B0B1C-2382-459B-AEBD-4FBC0F81AB05}.Release|Any CPU.ActiveCfg = Release|Any CPU
		{7F3B0B1C-2382-459B-AEBD-4FBC0F81AB05}.Release|Any CPU.Build.0 = Release|Any CPU
		{50F5FAC6-F614-4F26-B109-C44450786468}.Debug|Any CPU.ActiveCfg = Debug|Any CPU
		{50F5FAC6-F614-4F26-B109-C44450786468}.Debug|Any CPU.Build.0 = Debug|Any CPU
		{50F5FAC6-F614-4F26-B109-C44450786468}.Release|Any CPU.ActiveCfg = Release|Any CPU
		{50F5FAC6-F614-4F26-B109-C44450786468}.Release|Any CPU.Build.0 = Release|Any CPU
		{95181A92-DB94-4834-89FB-6E6A4D70EABF}.Debug|Any CPU.ActiveCfg = Debug|Any CPU
		{95181A92-DB94-4834-89FB-6E6A4D70EABF}.Debug|Any CPU.Build.0 = Debug|Any CPU
		{95181A92-DB94-4834-89FB-6E6A4D70EABF}.Release|Any CPU.ActiveCfg = Release|Any CPU
		{95181A92-DB94-4834-89FB-6E6A4D70EABF}.Release|Any CPU.Build.0 = Release|Any CPU
		{DB24A688-0E7D-4C38-845E-F0F1A67F2D9F}.Debug|Any CPU.ActiveCfg = Debug|Any CPU
		{DB24A688-0E7D-4C38-845E-F0F1A67F2D9F}.Debug|Any CPU.Build.0 = Debug|Any CPU
		{DB24A688-0E7D-4C38-845E-F0F1A67F2D9F}.Release|Any CPU.ActiveCfg = Release|Any CPU
		{DB24A688-0E7D-4C38-845E-F0F1A67F2D9F}.Release|Any CPU.Build.0 = Release|Any CPU
	EndGlobalSection
	GlobalSection(SolutionProperties) = preSolution
		HideSolutionNode = FALSE
	EndGlobalSection
	GlobalSection(NestedProjects) = preSolution
		{CEF227C6-4195-4912-B992-FA6D4D3A9B01} = {01D5192F-75BC-4123-B04B-560DFBFE7976}
		{CD7EA605-86A6-46E8-9F83-12ACED5F22DC} = {B4A1FD84-7134-4D35-BBB4-7C4C197D9790}
		{A597F973-49E9-4323-B77E-A4D9F9BC7F3D} = {1C0C6929-755E-4134-8F0E-7C0DA90BD29B}
		{6CE34532-CAAF-4E21-A03B-BBBF5FDCA6D2} = {1C0C6929-755E-4134-8F0E-7C0DA90BD29B}
		{89C1A7E3-034B-49CE-9908-69EE677368CA} = {01D5192F-75BC-4123-B04B-560DFBFE7976}
		{C26B57AF-5F09-4B21-9603-A02BD67B66C4} = {01D5192F-75BC-4123-B04B-560DFBFE7976}
		{7F3B0B1C-2382-459B-AEBD-4FBC0F81AB05} = {1C0C6929-755E-4134-8F0E-7C0DA90BD29B}
		{50F5FAC6-F614-4F26-B109-C44450786468} = {B4A1FD84-7134-4D35-BBB4-7C4C197D9790}
		{95181A92-DB94-4834-89FB-6E6A4D70EABF} = {B4A1FD84-7134-4D35-BBB4-7C4C197D9790}
		{DB24A688-0E7D-4C38-845E-F0F1A67F2D9F} = {32AB9B37-7EA1-47EC-B2CD-59031C94134D}
	EndGlobalSection
	GlobalSection(ExtensibilityGlobals) = postSolution
		SolutionGuid = {B74DF4CB-DAF8-465D-B50D-94CDAFFEF1E5}
	EndGlobalSection
EndGlobal
